// !$*UTF8*$!
{
	archiveVersion = 1;
	classes = {
	};
	objectVersion = 50;
	objects = {

/* Begin PBXBuildFile section */
		7318B49E22C4FDB80065AC37 /* HolyLife.swift in Sources */ = {isa = PBXBuildFile; fileRef = 7318B49D22C4FDB80065AC37 /* HolyLife.swift */; };
		7318B4A022C4FDC50065AC37 /* HolyLive.swift in Sources */ = {isa = PBXBuildFile; fileRef = 7318B49F22C4FDC50065AC37 /* HolyLive.swift */; };
		7318B4A222C4FDD20065AC37 /* HolyAdd.swift in Sources */ = {isa = PBXBuildFile; fileRef = 7318B4A122C4FDD20065AC37 /* HolyAdd.swift */; };
		7318B4A422C4FDDF0065AC37 /* HolyMine.swift in Sources */ = {isa = PBXBuildFile; fileRef = 7318B4A322C4FDDF0065AC37 /* HolyMine.swift */; };
		7318B4AC22C502C70065AC37 /* HolyTabbarViewController.swift in Sources */ = {isa = PBXBuildFile; fileRef = 7318B4AB22C502C70065AC37 /* HolyTabbarViewController.swift */; };
		7324200D22C59FF300B14EC6 /* HolyMessage.swift in Sources */ = {isa = PBXBuildFile; fileRef = 7324200C22C59FF300B14EC6 /* HolyMessage.swift */; };
		7363BF5222C3290D00BDC66B /* AppDelegate.swift in Sources */ = {isa = PBXBuildFile; fileRef = 7363BF5122C3290D00BDC66B /* AppDelegate.swift */; };
		7363BF5922C3290E00BDC66B /* Assets.xcassets in Resources */ = {isa = PBXBuildFile; fileRef = 7363BF5822C3290E00BDC66B /* Assets.xcassets */; };
		73E00C4022C71CC9001AC8F7 /* UntilsMain.swift in Sources */ = {isa = PBXBuildFile; fileRef = 73E00C3F22C71CC9001AC8F7 /* UntilsMain.swift */; };
		73E00C4222C7448E001AC8F7 /* HolyPlayer.swift in Sources */ = {isa = PBXBuildFile; fileRef = 73E00C4122C7448E001AC8F7 /* HolyPlayer.swift */; };
		73E00C4422C74BD7001AC8F7 /* HolyPlayerView.swift in Sources */ = {isa = PBXBuildFile; fileRef = 73E00C4322C74BD7001AC8F7 /* HolyPlayerView.swift */; };
		73E00C4622C74D2A001AC8F7 /* HolyPlayerProtocol.swift in Sources */ = {isa = PBXBuildFile; fileRef = 73E00C4522C74D2A001AC8F7 /* HolyPlayerProtocol.swift */; };
/* End PBXBuildFile section */

/* Begin PBXFileReference section */
		7318B49D22C4FDB80065AC37 /* HolyLife.swift */ = {isa = PBXFileReference; lastKnownFileType = sourcecode.swift; path = HolyLife.swift; sourceTree = "<group>"; };
		7318B49F22C4FDC50065AC37 /* HolyLive.swift */ = {isa = PBXFileReference; lastKnownFileType = sourcecode.swift; path = HolyLive.swift; sourceTree = "<group>"; };
		7318B4A122C4FDD20065AC37 /* HolyAdd.swift */ = {isa = PBXFileReference; lastKnownFileType = sourcecode.swift; path = HolyAdd.swift; sourceTree = "<group>"; };
		7318B4A322C4FDDF0065AC37 /* HolyMine.swift */ = {isa = PBXFileReference; lastKnownFileType = sourcecode.swift; path = HolyMine.swift; sourceTree = "<group>"; };
		7318B4AB22C502C70065AC37 /* HolyTabbarViewController.swift */ = {isa = PBXFileReference; lastKnownFileType = sourcecode.swift; path = HolyTabbarViewController.swift; sourceTree = "<group>"; };
		7324200C22C59FF300B14EC6 /* HolyMessage.swift */ = {isa = PBXFileReference; lastKnownFileType = sourcecode.swift; path = HolyMessage.swift; sourceTree = "<group>"; };
		7363BF4E22C3290D00BDC66B /* HolyleLife.app */ = {isa = PBXFileReference; explicitFileType = wrapper.application; includeInIndex = 0; path = HolyleLife.app; sourceTree = BUILT_PRODUCTS_DIR; };
		7363BF5122C3290D00BDC66B /* AppDelegate.swift */ = {isa = PBXFileReference; lastKnownFileType = sourcecode.swift; path = AppDelegate.swift; sourceTree = "<group>"; };
		7363BF5822C3290E00BDC66B /* Assets.xcassets */ = {isa = PBXFileReference; lastKnownFileType = folder.assetcatalog; path = Assets.xcassets; sourceTree = "<group>"; };
		7363BF5D22C3290E00BDC66B /* Info.plist */ = {isa = PBXFileReference; lastKnownFileType = text.plist.xml; path = Info.plist; sourceTree = "<group>"; };
		73E00C3F22C71CC9001AC8F7 /* UntilsMain.swift */ = {isa = PBXFileReference; fileEncoding = 4; lastKnownFileType = sourcecode.swift; path = UntilsMain.swift; sourceTree = "<group>"; };
		73E00C4122C7448E001AC8F7 /* HolyPlayer.swift */ = {isa = PBXFileReference; lastKnownFileType = sourcecode.swift; path = HolyPlayer.swift; sourceTree = "<group>"; };
		73E00C4322C74BD7001AC8F7 /* HolyPlayerView.swift */ = {isa = PBXFileReference; lastKnownFileType = sourcecode.swift; path = HolyPlayerView.swift; sourceTree = "<group>"; };
		73E00C4522C74D2A001AC8F7 /* HolyPlayerProtocol.swift */ = {isa = PBXFileReference; lastKnownFileType = sourcecode.swift; path = HolyPlayerProtocol.swift; sourceTree = "<group>"; };
/* End PBXFileReference section */

/* Begin PBXFrameworksBuildPhase section */
		7363BF4B22C3290D00BDC66B /* Frameworks */ = {
			isa = PBXFrameworksBuildPhase;
			buildActionMask = 2147483647;
			files = (
			);
			runOnlyForDeploymentPostprocessing = 0;
		};
/* End PBXFrameworksBuildPhase section */

/* Begin PBXGroup section */
		7318B49722C4FD5D0065AC37 /* ViewController */ = {
			isa = PBXGroup;
			children = (
				7318B4A722C501DA0065AC37 /* HolyMessage */,
				7318B49C22C4FD960065AC37 /* HolyMine */,
				7318B49B22C4FD8B0065AC37 /* HolyAdd */,
				7318B49A22C4FD830065AC37 /* HolyLive */,
				7318B49922C4FD750065AC37 /* HolyLife */,
			);
			path = ViewController;
			sourceTree = "<group>";
		};
		7318B49822C4FD6C0065AC37 /* Base */ = {
			isa = PBXGroup;
			children = (
			);
			path = Base;
			sourceTree = "<group>";
		};
		7318B49922C4FD750065AC37 /* HolyLife */ = {
			isa = PBXGroup;
			children = (
				7318B49D22C4FDB80065AC37 /* HolyLife.swift */,
			);
			path = HolyLife;
			sourceTree = "<group>";
		};
		7318B49A22C4FD830065AC37 /* HolyLive */ = {
			isa = PBXGroup;
			children = (
				7318B49F22C4FDC50065AC37 /* HolyLive.swift */,
			);
			path = HolyLive;
			sourceTree = "<group>";
		};
		7318B49B22C4FD8B0065AC37 /* HolyAdd */ = {
			isa = PBXGroup;
			children = (
				7318B4A122C4FDD20065AC37 /* HolyAdd.swift */,
			);
			path = HolyAdd;
			sourceTree = "<group>";
		};
		7318B49C22C4FD960065AC37 /* HolyMine */ = {
			isa = PBXGroup;
			children = (
				7318B4A322C4FDDF0065AC37 /* HolyMine.swift */,
			);
			path = HolyMine;
			sourceTree = "<group>";
		};
		7318B4A722C501DA0065AC37 /* HolyMessage */ = {
			isa = PBXGroup;
			children = (
				7324200C22C59FF300B14EC6 /* HolyMessage.swift */,
			);
			path = HolyMessage;
			sourceTree = "<group>";
		};
		7318B4AA22C502AB0065AC37 /* TabbarController */ = {
			isa = PBXGroup;
			children = (
				7318B4AB22C502C70065AC37 /* HolyTabbarViewController.swift */,
			);
			path = TabbarController;
			sourceTree = "<group>";
		};
		7363BF4522C3290D00BDC66B = {
			isa = PBXGroup;
			children = (
				7363BF5022C3290D00BDC66B /* HolyleLife */,
				7363BF4F22C3290D00BDC66B /* Products */,
			);
			sourceTree = "<group>";
		};
		7363BF4F22C3290D00BDC66B /* Products */ = {
			isa = PBXGroup;
			children = (
				7363BF4E22C3290D00BDC66B /* HolyleLife.app */,
			);
			name = Products;
			sourceTree = "<group>";
		};
		7363BF5022C3290D00BDC66B /* HolyleLife */ = {
			isa = PBXGroup;
			children = (
				7363BF6922C329E900BDC66B /* Resource */,
				7363BF6622C329C300BDC66B /* Untils */,
				7363BF6522C329B900BDC66B /* OpenSource */,
				7363BF6422C329AE00BDC66B /* ViewController */,
				7363BF6322C3298E00BDC66B /* SupportingFiles */,
			);
			path = HolyleLife;
			sourceTree = "<group>";
		};
		7363BF6322C3298E00BDC66B /* SupportingFiles */ = {
			isa = PBXGroup;
			children = (
			);
			path = SupportingFiles;
			sourceTree = "<group>";
		};
		7363BF6422C329AE00BDC66B /* ViewController */ = {
			isa = PBXGroup;
			children = (
				7318B4AA22C502AB0065AC37 /* TabbarController */,
				7318B49822C4FD6C0065AC37 /* Base */,
				7318B49722C4FD5D0065AC37 /* ViewController */,
				7363BF6822C329DB00BDC66B /* AppDelegate */,
			);
			path = ViewController;
			sourceTree = "<group>";
		};
		7363BF6522C329B900BDC66B /* OpenSource */ = {
			isa = PBXGroup;
			children = (
			);
			path = OpenSource;
			sourceTree = "<group>";
		};
		7363BF6622C329C300BDC66B /* Untils */ = {
			isa = PBXGroup;
			children = (
				73E00C3D22C71CC9001AC8F7 /* HolyPlayer */,
				73E00C3E22C71CC9001AC8F7 /* Tool */,
			);
			path = Untils;
			sourceTree = "<group>";
		};
		7363BF6822C329DB00BDC66B /* AppDelegate */ = {
			isa = PBXGroup;
			children = (
				7363BF5122C3290D00BDC66B /* AppDelegate.swift */,
			);
			path = AppDelegate;
			sourceTree = "<group>";
		};
		7363BF6922C329E900BDC66B /* Resource */ = {
			isa = PBXGroup;
			children = (
				7363BF5822C3290E00BDC66B /* Assets.xcassets */,
				7363BF5D22C3290E00BDC66B /* Info.plist */,
			);
			path = Resource;
			sourceTree = "<group>";
		};
		73E00C3D22C71CC9001AC8F7 /* HolyPlayer */ = {
			isa = PBXGroup;
			children = (
				73E00C4122C7448E001AC8F7 /* HolyPlayer.swift */,
				73E00C4322C74BD7001AC8F7 /* HolyPlayerView.swift */,
				73E00C4522C74D2A001AC8F7 /* HolyPlayerProtocol.swift */,
			);
			path = HolyPlayer;
			sourceTree = "<group>";
		};
		73E00C3E22C71CC9001AC8F7 /* Tool */ = {
			isa = PBXGroup;
			children = (
				73E00C3F22C71CC9001AC8F7 /* UntilsMain.swift */,
			);
			path = Tool;
			sourceTree = "<group>";
		};
/* End PBXGroup section */

/* Begin PBXNativeTarget section */
		7363BF4D22C3290D00BDC66B /* HolyleLife */ = {
			isa = PBXNativeTarget;
			buildConfigurationList = 7363BF6022C3290E00BDC66B /* Build configuration list for PBXNativeTarget "HolyleLife" */;
			buildPhases = (
				7363BF4A22C3290D00BDC66B /* Sources */,
				7363BF4B22C3290D00BDC66B /* Frameworks */,
				7363BF4C22C3290D00BDC66B /* Resources */,
			);
			buildRules = (
			);
			dependencies = (
			);
			name = HolyleLife;
			productName = HolyleLife;
			productReference = 7363BF4E22C3290D00BDC66B /* HolyleLife.app */;
			productType = "com.apple.product-type.application";
		};
/* End PBXNativeTarget section */

/* Begin PBXProject section */
		7363BF4622C3290D00BDC66B /* Project object */ = {
			isa = PBXProject;
			attributes = {
				CLASSPREFIX = Holy;
				LastSwiftUpdateCheck = 1020;
				LastUpgradeCheck = 1020;
				ORGANIZATIONNAME = Holyle;
				TargetAttributes = {
					7363BF4D22C3290D00BDC66B = {
						CreatedOnToolsVersion = 10.2.1;
					};
				};
			};
			buildConfigurationList = 7363BF4922C3290D00BDC66B /* Build configuration list for PBXProject "HolyleLife" */;
			compatibilityVersion = "Xcode 9.3";
			developmentRegion = en;
			hasScannedForEncodings = 0;
			knownRegions = (
				en,
				Base,
			);
			mainGroup = 7363BF4522C3290D00BDC66B;
			productRefGroup = 7363BF4F22C3290D00BDC66B /* Products */;
			projectDirPath = "";
			projectRoot = "";
			targets = (
				7363BF4D22C3290D00BDC66B /* HolyleLife */,
			);
		};
/* End PBXProject section */

/* Begin PBXResourcesBuildPhase section */
		7363BF4C22C3290D00BDC66B /* Resources */ = {
			isa = PBXResourcesBuildPhase;
			buildActionMask = 2147483647;
			files = (
				7363BF5922C3290E00BDC66B /* Assets.xcassets in Resources */,
			);
			runOnlyForDeploymentPostprocessing = 0;
		};
/* End PBXResourcesBuildPhase section */

/* Begin PBXSourcesBuildPhase section */
		7363BF4A22C3290D00BDC66B /* Sources */ = {
			isa = PBXSourcesBuildPhase;
			buildActionMask = 2147483647;
			files = (
				7363BF5222C3290D00BDC66B /* AppDelegate.swift in Sources */,
				73E00C4422C74BD7001AC8F7 /* HolyPlayerView.swift in Sources */,
				7324200D22C59FF300B14EC6 /* HolyMessage.swift in Sources */,
				7318B4A222C4FDD20065AC37 /* HolyAdd.swift in Sources */,
				73E00C4622C74D2A001AC8F7 /* HolyPlayerProtocol.swift in Sources */,
				73E00C4222C7448E001AC8F7 /* HolyPlayer.swift in Sources */,
				7318B4AC22C502C70065AC37 /* HolyTabbarViewController.swift in Sources */,
				7318B4A022C4FDC50065AC37 /* HolyLive.swift in Sources */,
				7318B49E22C4FDB80065AC37 /* HolyLife.swift in Sources */,
				7318B4A422C4FDDF0065AC37 /* HolyMine.swift in Sources */,
				73E00C4022C71CC9001AC8F7 /* UntilsMain.swift in Sources */,
			);
			runOnlyForDeploymentPostprocessing = 0;
		};
/* End PBXSourcesBuildPhase section */

/* Begin XCBuildConfiguration section */
		7363BF5E22C3290E00BDC66B /* Debug */ = {
			isa = XCBuildConfiguration;
			buildSettings = {
				ALWAYS_SEARCH_USER_PATHS = NO;
				CLANG_ANALYZER_NONNULL = YES;
				CLANG_ANALYZER_NUMBER_OBJECT_CONVERSION = YES_AGGRESSIVE;
				CLANG_CXX_LANGUAGE_STANDARD = "gnu++14";
				CLANG_CXX_LIBRARY = "libc++";
				CLANG_ENABLE_MODULES = YES;
				CLANG_ENABLE_OBJC_ARC = YES;
				CLANG_ENABLE_OBJC_WEAK = YES;
				CLANG_WARN_BLOCK_CAPTURE_AUTORELEASING = YES;
				CLANG_WARN_BOOL_CONVERSION = YES;
				CLANG_WARN_COMMA = YES;
				CLANG_WARN_CONSTANT_CONVERSION = YES;
				CLANG_WARN_DEPRECATED_OBJC_IMPLEMENTATIONS = YES;
				CLANG_WARN_DIRECT_OBJC_ISA_USAGE = YES_ERROR;
				CLANG_WARN_DOCUMENTATION_COMMENTS = YES;
				CLANG_WARN_EMPTY_BODY = YES;
				CLANG_WARN_ENUM_CONVERSION = YES;
				CLANG_WARN_INFINITE_RECURSION = YES;
				CLANG_WARN_INT_CONVERSION = YES;
				CLANG_WARN_NON_LITERAL_NULL_CONVERSION = YES;
				CLANG_WARN_OBJC_IMPLICIT_RETAIN_SELF = YES;
				CLANG_WARN_OBJC_LITERAL_CONVERSION = YES;
				CLANG_WARN_OBJC_ROOT_CLASS = YES_ERROR;
				CLANG_WARN_RANGE_LOOP_ANALYSIS = YES;
				CLANG_WARN_STRICT_PROTOTYPES = YES;
				CLANG_WARN_SUSPICIOUS_MOVE = YES;
				CLANG_WARN_UNGUARDED_AVAILABILITY = YES_AGGRESSIVE;
				CLANG_WARN_UNREACHABLE_CODE = YES;
				CLANG_WARN__DUPLICATE_METHOD_MATCH = YES;
				CODE_SIGN_IDENTITY = "iPhone Developer";
				COPY_PHASE_STRIP = NO;
				DEBUG_INFORMATION_FORMAT = dwarf;
				ENABLE_STRICT_OBJC_MSGSEND = YES;
				ENABLE_TESTABILITY = YES;
				GCC_C_LANGUAGE_STANDARD = gnu11;
				GCC_DYNAMIC_NO_PIC = NO;
				GCC_NO_COMMON_BLOCKS = YES;
				GCC_OPTIMIZATION_LEVEL = 0;
				GCC_PREPROCESSOR_DEFINITIONS = (
					"DEBUG=1",
					"$(inherited)",
				);
				GCC_WARN_64_TO_32_BIT_CONVERSION = YES;
				GCC_WARN_ABOUT_RETURN_TYPE = YES_ERROR;
				GCC_WARN_UNDECLARED_SELECTOR = YES;
				GCC_WARN_UNINITIALIZED_AUTOS = YES_AGGRESSIVE;
				GCC_WARN_UNUSED_FUNCTION = YES;
				GCC_WARN_UNUSED_VARIABLE = YES;
				IPHONEOS_DEPLOYMENT_TARGET = 12.2;
				MTL_ENABLE_DEBUG_INFO = INCLUDE_SOURCE;
				MTL_FAST_MATH = YES;
				ONLY_ACTIVE_ARCH = YES;
				SDKROOT = iphoneos;
				SWIFT_ACTIVE_COMPILATION_CONDITIONS = DEBUG;
				SWIFT_OPTIMIZATION_LEVEL = "-Onone";
			};
			name = Debug;
		};
		7363BF5F22C3290E00BDC66B /* Release */ = {
			isa = XCBuildConfiguration;
			buildSettings = {
				ALWAYS_SEARCH_USER_PATHS = NO;
				CLANG_ANALYZER_NONNULL = YES;
				CLANG_ANALYZER_NUMBER_OBJECT_CONVERSION = YES_AGGRESSIVE;
				CLANG_CXX_LANGUAGE_STANDARD = "gnu++14";
				CLANG_CXX_LIBRARY = "libc++";
				CLANG_ENABLE_MODULES = YES;
				CLANG_ENABLE_OBJC_ARC = YES;
				CLANG_ENABLE_OBJC_WEAK = YES;
				CLANG_WARN_BLOCK_CAPTURE_AUTORELEASING = YES;
				CLANG_WARN_BOOL_CONVERSION = YES;
				CLANG_WARN_COMMA = YES;
				CLANG_WARN_CONSTANT_CONVERSION = YES;
				CLANG_WARN_DEPRECATED_OBJC_IMPLEMENTATIONS = YES;
				CLANG_WARN_DIRECT_OBJC_ISA_USAGE = YES_ERROR;
				CLANG_WARN_DOCUMENTATION_COMMENTS = YES;
				CLANG_WARN_EMPTY_BODY = YES;
				CLANG_WARN_ENUM_CONVERSION = YES;
				CLANG_WARN_INFINITE_RECURSION = YES;
				CLANG_WARN_INT_CONVERSION = YES;
				CLANG_WARN_NON_LITERAL_NULL_CONVERSION = YES;
				CLANG_WARN_OBJC_IMPLICIT_RETAIN_SELF = YES;
				CLANG_WARN_OBJC_LITERAL_CONVERSION = YES;
				CLANG_WARN_OBJC_ROOT_CLASS = YES_ERROR;
				CLANG_WARN_RANGE_LOOP_ANALYSIS = YES;
				CLANG_WARN_STRICT_PROTOTYPES = YES;
				CLANG_WARN_SUSPICIOUS_MOVE = YES;
				CLANG_WARN_UNGUARDED_AVAILABILITY = YES_AGGRESSIVE;
				CLANG_WARN_UNREACHABLE_CODE = YES;
				CLANG_WARN__DUPLICATE_METHOD_MATCH = YES;
				CODE_SIGN_IDENTITY = "iPhone Developer";
				COPY_PHASE_STRIP = NO;
				DEBUG_INFORMATION_FORMAT = "dwarf-with-dsym";
				ENABLE_NS_ASSERTIONS = NO;
				ENABLE_STRICT_OBJC_MSGSEND = YES;
				GCC_C_LANGUAGE_STANDARD = gnu11;
				GCC_NO_COMMON_BLOCKS = YES;
				GCC_WARN_64_TO_32_BIT_CONVERSION = YES;
				GCC_WARN_ABOUT_RETURN_TYPE = YES_ERROR;
				GCC_WARN_UNDECLARED_SELECTOR = YES;
				GCC_WARN_UNINITIALIZED_AUTOS = YES_AGGRESSIVE;
				GCC_WARN_UNUSED_FUNCTION = YES;
				GCC_WARN_UNUSED_VARIABLE = YES;
				IPHONEOS_DEPLOYMENT_TARGET = 12.2;
				MTL_ENABLE_DEBUG_INFO = NO;
				MTL_FAST_MATH = YES;
				SDKROOT = iphoneos;
				SWIFT_COMPILATION_MODE = wholemodule;
				SWIFT_OPTIMIZATION_LEVEL = "-O";
				VALIDATE_PRODUCT = YES;
			};
			name = Release;
		};
		7363BF6122C3290E00BDC66B /* Debug */ = {
			isa = XCBuildConfiguration;
			buildSettings = {
				ASSETCATALOG_COMPILER_APPICON_NAME = AppIcon;
				ASSETCATALOG_COMPILER_LAUNCHIMAGE_NAME = LaunchImage;
				CODE_SIGN_STYLE = Automatic;
				INFOPLIST_FILE = "$(SRCROOT)/HolyleLife/Resource/Info.plist";
				LD_RUNPATH_SEARCH_PATHS = (
					"$(inherited)",
					"@executable_path/Frameworks",
				);
				PRODUCT_BUNDLE_IDENTIFIER = com.holyle.www.HolyleLife;
				PRODUCT_NAME = "$(TARGET_NAME)";
				SWIFT_VERSION = 5.0;
				TARGETED_DEVICE_FAMILY = "1,2";
			};
			name = Debug;
		};
		7363BF6222C3290E00BDC66B /* Release */ = {
			isa = XCBuildConfiguration;
			buildSettings = {
				ASSETCATALOG_COMPILER_APPICON_NAME = AppIcon;
				ASSETCATALOG_COMPILER_LAUNCHIMAGE_NAME = LaunchImage;
				CODE_SIGN_STYLE = Automatic;
				INFOPLIST_FILE = "$(SRCROOT)/HolyleLife/Resource/Info.plist";
				LD_RUNPATH_SEARCH_PATHS = (
					"$(inherited)",
					"@executable_path/Frameworks",
				);
				PRODUCT_BUNDLE_IDENTIFIER = com.holyle.www.HolyleLife;
				PRODUCT_NAME = "$(TARGET_NAME)";
				SWIFT_VERSION = 5.0;
				TARGETED_DEVICE_FAMILY = "1,2";
			};
			name = Release;
		};
/* End XCBuildConfiguration section */

/* Begin XCConfigurationList section */
		7363BF4922C3290D00BDC66B /* Build configuration list for PBXProject "HolyleLife" */ = {
			isa = XCConfigurationList;
			buildConfigurations = (
				7363BF5E22C3290E00BDC66B /* Debug */,
				7363BF5F22C3290E00BDC66B /* Release */,
			);
			defaultConfigurationIsVisible = 0;
			defaultConfigurationName = Release;
		};
		7363BF6022C3290E00BDC66B /* Build configuration list for PBXNativeTarget "HolyleLife" */ = {
			isa = XCConfigurationList;
			buildConfigurations = (
				7363BF6122C3290E00BDC66B /* Debug */,
				7363BF6222C3290E00BDC66B /* Release */,
			);
			defaultConfigurationIsVisible = 0;
			defaultConfigurationName = Release;
		};
/* End XCConfigurationList section */
	};
	rootObject = 7363BF4622C3290D00BDC66B /* Project object */;
}
